
Microsoft Visual Studio Solution File, Format Version 12.00
Project("{FAE04EC0-301F-11D3-BF4B-00C04F79EFBC}") = "BicepWorkshop.EventDispenser", "BicepWorkshop.EventDispenser\BicepWorkshop.EventDispenser.csproj", "{4C65D550-E6FC-460E-9A26-73D738B54FAB}"
EndProject
Global
	GlobalSection(SolutionConfigurationPlatforms) = preSolution
		Debug|Any CPU = Debug|Any CPU
		Release|Any CPU = Release|Any CPU
	EndGlobalSection
	GlobalSection(ProjectConfigurationPlatforms) = postSolution
		{4C65D550-E6FC-460E-9A26-73D738B54FAB}.Debug|Any CPU.ActiveCfg = Debug|Any CPU
		{4C65D550-E6FC-460E-9A26-73D738B54FAB}.Debug|Any CPU.Build.0 = Debug|Any CPU
		{4C65D550-E6FC-460E-9A26-73D738B54FAB}.Release|Any CPU.ActiveCfg = Release|Any CPU
		{4C65D550-E6FC-460E-9A26-73D738B54FAB}.Release|Any CPU.Build.0 = Release|Any CPU
	EndGlobalSection
EndGlobal
